// !$*UTF8*$!
{
	archiveVersion = 1;
	classes = {
	};
	objectVersion = 46;
	objects = {

/* Begin PBXBuildFile section */
		035BE8E61BC4F7280075FB45 /* main.swift in Sources */ = {isa = PBXBuildFile; fileRef = 035BE8E51BC4F7280075FB45 /* main.swift */; };
		035BE8ED1BC4F73F0075FB45 /* Person.swift in Sources */ = {isa = PBXBuildFile; fileRef = 035BE8EC1BC4F73F0075FB45 /* Person.swift */; settings = {ASSET_TAGS = (); }; };
		037266811BC5076A002B637A /* Base.swift in Sources */ = {isa = PBXBuildFile; fileRef = 037266801BC5076A002B637A /* Base.swift */; settings = {ASSET_TAGS = (); }; };
		037266831BC507C2002B637A /* Subclass.swift in Sources */ = {isa = PBXBuildFile; fileRef = 037266821BC507C2002B637A /* Subclass.swift */; settings = {ASSET_TAGS = (); }; };
/* End PBXBuildFile section */

/* Begin PBXCopyFilesBuildPhase section */
		035BE8E01BC4F7280075FB45 /* CopyFiles */ = {
			isa = PBXCopyFilesBuildPhase;
			buildActionMask = 2147483647;
			dstPath = /usr/share/man/man1/;
			dstSubfolderSpec = 0;
			files = (
			);
			runOnlyForDeploymentPostprocessing = 1;
		};
/* End PBXCopyFilesBuildPhase section */

/* Begin PBXFileReference section */
		035BE8E21BC4F7280075FB45 /* Swift04-1 */ = {isa = PBXFileReference; explicitFileType = "compiled.mach-o.executable"; includeInIndex = 0; path = "Swift04-1"; sourceTree = BUILT_PRODUCTS_DIR; };
		035BE8E51BC4F7280075FB45 /* main.swift */ = {isa = PBXFileReference; lastKnownFileType = sourcecode.swift; path = main.swift; sourceTree = "<group>"; };
		035BE8EC1BC4F73F0075FB45 /* Person.swift */ = {isa = PBXFileReference; fileEncoding = 4; lastKnownFileType = sourcecode.swift; path = Person.swift; sourceTree = "<group>"; };
		037266801BC5076A002B637A /* Base.swift */ = {isa = PBXFileReference; fileEncoding = 4; lastKnownFileType = sourcecode.swift; path = Base.swift; sourceTree = "<group>"; };
		037266821BC507C2002B637A /* Subclass.swift */ = {isa = PBXFileReference; fileEncoding = 4; lastKnownFileType = sourcecode.swift; path = Subclass.swift; sourceTree = "<group>"; };
/* End PBXFileReference section */

/* Begin PBXFrameworksBuildPhase section */
		035BE8DF1BC4F7280075FB45 /* Frameworks */ = {
			isa = PBXFrameworksBuildPhase;
			buildActionMask = 2147483647;
			files = (
			);
			runOnlyForDeploymentPostprocessing = 0;
		};
/* End PBXFrameworksBuildPhase section */

/* Begin PBXGroup section */
		035BE8D91BC4F7280075FB45 = {
			isa = PBXGroup;
			children = (
				035BE8E41BC4F7280075FB45 /* Swift04-1 */,
				035BE8E31BC4F7280075FB45 /* Products */,
			);
			sourceTree = "<group>";
		};
		035BE8E31BC4F7280075FB45 /* Products */ = {
			isa = PBXGroup;
			children = (
				035BE8E21BC4F7280075FB45 /* Swift04-1 */,
			);
			name = Products;
			sourceTree = "<group>";
		};
		035BE8E41BC4F7280075FB45 /* Swift04-1 */ = {
			isa = PBXGroup;
			children = (
				035BE8E51BC4F7280075FB45 /* main.swift */,
				035BE8EC1BC4F73F0075FB45 /* Person.swift */,
				037266801BC5076A002B637A /* Base.swift */,
				037266821BC507C2002B637A /* Subclass.swift */,
			);
			path = "Swift04-1";
			sourceTree = "<group>";
		};
/* End PBXGroup section */

/* Begin PBXNativeTarget section */
		035BE8E11BC4F7280075FB45 /* Swift04-1 */ = {
			isa = PBXNativeTarget;
			buildConfigurationList = 035BE8E91BC4F7280075FB45 /* Build configuration list for PBXNativeTarget "Swift04-1" */;
			buildPhases = (
				035BE8DE1BC4F7280075FB45 /* Sources */,
				035BE8DF1BC4F7280075FB45 /* Frameworks */,
				035BE8E01BC4F7280075FB45 /* CopyFiles */,
			);
			buildRules = (
			);
			dependencies = (
			);
			name = "Swift04-1";
			productName = "Swift04-1";
			productReference = 035BE8E21BC4F7280075FB45 /* Swift04-1 */;
			productType = "com.apple.product-type.tool";
		};
/* End PBXNativeTarget section */

/* Begin PBXProject section */
		035BE8DA1BC4F7280075FB45 /* Project object */ = {
			isa = PBXProject;
			attributes = {
				LastUpgradeCheck = 0700;
				ORGANIZATIONNAME = Jude;
				TargetAttributes = {
					035BE8E11BC4F7280075FB45 = {
						CreatedOnToolsVersion = 7.0.1;
					};
				};
			};
			buildConfigurationList = 035BE8DD1BC4F7280075FB45 /* Build configuration list for PBXProject "Swift04-1" */;
			compatibilityVersion = "Xcode 3.2";
			developmentRegion = English;
			hasScannedForEncodings = 0;
			knownRegions = (
				en,
			);
			mainGroup = 035BE8D91BC4F7280075FB45;
			productRefGroup = 035BE8E31BC4F7280075FB45 /* Products */;
			projectDirPath = "";
			projectRoot = "";
			targets = (
				035BE8E11BC4F7280075FB45 /* Swift04-1 */,
			);
		};
/* End PBXProject section */

/* Begin PBXSourcesBuildPhase section */
		035BE8DE1BC4F7280075FB45 /* Sources */ = {
			isa = PBXSourcesBuildPhase;
			buildActionMask = 2147483647;
			files = (
				037266811BC5076A002B637A /* Base.swift in Sources */,
				037266831BC507C2002B637A /* Subclass.swift in Sources */,
				035BE8ED1BC4F73F0075FB45 /* Person.swift in Sources */,
				035BE8E61BC4F7280075FB45 /* main.swift in Sources */,
			);
			runOnlyForDeploymentPostprocessing = 0;
		};
/* End PBXSourcesBuildPhase section */

/* Begin XCBuildConfiguration section */
		035BE8E71BC4F7280075FB45 /* Debug */ = {
			isa = XCBuildConfiguration;
			buildSettings = {
				ALWAYS_SEARCH_USER_PATHS = NO;
				CLANG_CXX_LANGUAGE_STANDARD = "gnu++0x";
				CLANG_CXX_LIBRARY = "libc++";
				CLANG_ENABLE_MODULES = YES;
				CLANG_ENABLE_OBJC_ARC = YES;
				CLANG_WARN_BOOL_CONVERSION = YES;
				CLANG_WARN_CONSTANT_CONVERSION = YES;
				CLANG_WARN_DIRECT_OBJC_ISA_USAGE = YES_ERROR;
				CLANG_WARN_EMPTY_BODY = YES;
				CLANG_WARN_ENUM_CONVERSION = YES;
				CLANG_WARN_INT_CONVERSION = YES;
				CLANG_WARN_OBJC_ROOT_CLASS = YES_ERROR;
				CLANG_WARN_UNREACHABLE_CODE = YES;
				CLANG_WARN__DUPLICATE_METHOD_MATCH = YES;
				COPY_PHASE_STRIP = NO;
				DEBUG_INFORMATION_FORMAT = dwarf;
				ENABLE_STRICT_OBJC_MSGSEND = YES;
				ENABLE_TESTABILITY = YES;
				GCC_C_LANGUAGE_STANDARD = gnu99;
				GCC_DYNAMIC_NO_PIC = NO;
				GCC_NO_COMMON_BLOCKS = YES;
				GCC_OPTIMIZATION_LEVEL = 0;
				GCC_PREPROCESSOR_DEFINITIONS = (
					"DEBUG=1",
					"$(inherited)",
				);
				GCC_WARN_64_TO_32_BIT_CONVERSION = YES;
				GCC_WARN_ABOUT_RETURN_TYPE = YES_ERROR;
				GCC_WARN_UNDECLARED_SELECTOR = YES;
				GCC_WARN_UNINITIALIZED_AUTOS = YES_AGGRESSIVE;
				GCC_WARN_UNUSED_FUNCTION = YES;
				GCC_WARN_UNUSED_VARIABLE = YES;
				MACOSX_DEPLOYMENT_TARGET = 10.10;
				MTL_ENABLE_DEBUG_INFO = YES;
				ONLY_ACTIVE_ARCH = YES;
				SDKROOT = macosx;
				SWIFT_OPTIMIZATION_LEVEL = "-Onone";
			};
			name = Debug;
		};
		035BE8E81BC4F7280075FB45 /* Release */ = {
			isa = XCBuildConfiguration;
			buildSettings = {
				ALWAYS_SEARCH_USER_PATHS = NO;
				CLANG_CXX_LANGUAGE_STANDARD = "gnu++0x";
				CLANG_CXX_LIBRARY = "libc++";
				CLANG_ENABLE_MODULES = YES;
				CLANG_ENABLE_OBJC_ARC = YES;
				CLANG_WARN_BOOL_CONVERSION = YES;
				CLANG_WARN_CONSTANT_CONVERSION = YES;
				CLANG_WARN_DIRECT_OBJC_ISA_USAGE = YES_ERROR;
				CLANG_WARN_EMPTY_BODY = YES;
				CLANG_WARN_ENUM_CONVERSION = YES;
				CLANG_WARN_INT_CONVERSION = YES;
				CLANG_WARN_OBJC_ROOT_CLASS = YES_ERROR;
				CLANG_WARN_UNREACHABLE_CODE = YES;
				CLANG_WARN__DUPLICATE_METHOD_MATCH = YES;
				COPY_PHASE_STRIP = NO;
				DEBUG_INFORMATION_FORMAT = "dwarf-with-dsym";
				ENABLE_NS_ASSERTIONS = NO;
				ENABLE_STRICT_OBJC_MSGSEND = YES;
				GCC_C_LANGUAGE_STANDARD = gnu99;
				GCC_NO_COMMON_BLOCKS = YES;
				GCC_WARN_64_TO_32_BIT_CONVERSION = YES;
				GCC_WARN_ABOUT_RETURN_TYPE = YES_ERROR;
				GCC_WARN_UNDECLARED_SELECTOR = YES;
				GCC_WARN_UNINITIALIZED_AUTOS = YES_AGGRESSIVE;
				GCC_WARN_UNUSED_FUNCTION = YES;
				GCC_WARN_UNUSED_VARIABLE = YES;
				MACOSX_DEPLOYMENT_TARGET = 10.10;
				MTL_ENABLE_DEBUG_INFO = NO;
				SDKROOT = macosx;
			};
			name = Release;
		};
		035BE8EA1BC4F7280075FB45 /* Debug */ = {
			isa = XCBuildConfiguration;
			buildSettings = {
				PRODUCT_NAME = "$(TARGET_NAME)";
			};
			name = Debug;
		};
		035BE8EB1BC4F7280075FB45 /* Release */ = {
			isa = XCBuildConfiguration;
			buildSettings = {
				PRODUCT_NAME = "$(TARGET_NAME)";
			};
			name = Release;
		};
/* End XCBuildConfiguration section */

/* Begin XCConfigurationList section */
		035BE8DD1BC4F7280075FB45 /* Build configuration list for PBXProject "Swift04-1" */ = {
			isa = XCConfigurationList;
			buildConfigurations = (
				035BE8E71BC4F7280075FB45 /* Debug */,
				035BE8E81BC4F7280075FB45 /* Release */,
			);
			defaultConfigurationIsVisible = 0;
			defaultConfigurationName = Release;
		};
		035BE8E91BC4F7280075FB45 /* Build configuration list for PBXNativeTarget "Swift04-1" */ = {
			isa = XCConfigurationList;
			buildConfigurations = (
				035BE8EA1BC4F7280075FB45 /* Debug */,
				035BE8EB1BC4F7280075FB45 /* Release */,
			);
			defaultConfigurationIsVisible = 0;
			defaultConfigurationName = Release;
		};
/* End XCConfigurationList section */
	};
	rootObject = 035BE8DA1BC4F7280075FB45 /* Project object */;
}
